
Microsoft Visual Studio Solution File, Format Version 12.00
# Visual Studio Version 17
VisualStudioVersion = 17.7.34031.279
MinimumVisualStudioVersion = 10.0.40219.1
Project("{FAE04EC0-301F-11D3-BF4B-00C04F79EFBC}") = "Registration_for_the_conference", "Registration_for_the_conference\Registration_for_the_conference.csproj", "{E1214CA3-63AF-4DA3-9D24-610451C6BE47}"
EndProject
Global
	GlobalSection(SolutionConfigurationPlatforms) = preSolution
		Debug|Any CPU = Debug|Any CPU
		Release|Any CPU = Release|Any CPU
	EndGlobalSection
	GlobalSection(ProjectConfigurationPlatforms) = postSolution
		{E1214CA3-63AF-4DA3-9D24-610451C6BE47}.Debug|Any CPU.ActiveCfg = Debug|Any CPU
		{E1214CA3-63AF-4DA3-9D24-610451C6BE47}.Debug|Any CPU.Build.0 = Debug|Any CPU
		{E1214CA3-63AF-4DA3-9D24-610451C6BE47}.Release|Any CPU.ActiveCfg = Release|Any CPU
		{E1214CA3-63AF-4DA3-9D24-610451C6BE47}.Release|Any CPU.Build.0 = Release|Any CPU
	EndGlobalSection
	GlobalSection(SolutionProperties) = preSolution
		HideSolutionNode = FALSE
	EndGlobalSection
	GlobalSection(ExtensibilityGlobals) = postSolution
		SolutionGuid = {C4C57C9C-1BCD-49A6-8D19-EA2BA37985CC}
	EndGlobalSection
EndGlobal
