
Microsoft Visual Studio Solution File, Format Version 12.00
# Visual Studio Version 17
VisualStudioVersion = 17.5.33530.505
MinimumVisualStudioVersion = 10.0.40219.1
Project("{FAE04EC0-301F-11D3-BF4B-00C04F79EFBC}") = "Conference_Registration", "Conference_Registration\Conference_Registration.csproj", "{937A5B9C-0FDD-45E1-BFF8-DB381AB8BBCA}"
EndProject
Global
	GlobalSection(SolutionConfigurationPlatforms) = preSolution
		Debug|Any CPU = Debug|Any CPU
		Release|Any CPU = Release|Any CPU
	EndGlobalSection
	GlobalSection(ProjectConfigurationPlatforms) = postSolution
		{937A5B9C-0FDD-45E1-BFF8-DB381AB8BBCA}.Debug|Any CPU.ActiveCfg = Debug|Any CPU
		{937A5B9C-0FDD-45E1-BFF8-DB381AB8BBCA}.Debug|Any CPU.Build.0 = Debug|Any CPU
		{937A5B9C-0FDD-45E1-BFF8-DB381AB8BBCA}.Release|Any CPU.ActiveCfg = Release|Any CPU
		{937A5B9C-0FDD-45E1-BFF8-DB381AB8BBCA}.Release|Any CPU.Build.0 = Release|Any CPU
	EndGlobalSection
	GlobalSection(SolutionProperties) = preSolution
		HideSolutionNode = FALSE
	EndGlobalSection
	GlobalSection(ExtensibilityGlobals) = postSolution
		SolutionGuid = {2BB2240B-F769-4FCF-861B-8317F67D4909}
	EndGlobalSection
EndGlobal
