
Microsoft Visual Studio Solution File, Format Version 12.00
# Visual Studio Version 17
VisualStudioVersion = 17.5.33530.505
MinimumVisualStudioVersion = 10.0.40219.1
Project("{FAE04EC0-301F-11D3-BF4B-00C04F79EFBC}") = "WebAPI", "WebAPI\WebAPI.csproj", "{F7B6F621-AEB1-496B-B234-1605B6167C24}"
EndProject
Global
	GlobalSection(SolutionConfigurationPlatforms) = preSolution
		Debug|Any CPU = Debug|Any CPU
		Release|Any CPU = Release|Any CPU
	EndGlobalSection
	GlobalSection(ProjectConfigurationPlatforms) = postSolution
		{F7B6F621-AEB1-496B-B234-1605B6167C24}.Debug|Any CPU.ActiveCfg = Debug|Any CPU
		{F7B6F621-AEB1-496B-B234-1605B6167C24}.Debug|Any CPU.Build.0 = Debug|Any CPU
		{F7B6F621-AEB1-496B-B234-1605B6167C24}.Release|Any CPU.ActiveCfg = Release|Any CPU
		{F7B6F621-AEB1-496B-B234-1605B6167C24}.Release|Any CPU.Build.0 = Release|Any CPU
	EndGlobalSection
	GlobalSection(SolutionProperties) = preSolution
		HideSolutionNode = FALSE
	EndGlobalSection
	GlobalSection(ExtensibilityGlobals) = postSolution
		SolutionGuid = {080DD7C2-C0A6-49BF-B913-45D49C73CE1D}
	EndGlobalSection
EndGlobal
